
Microsoft Visual Studio Solution File, Format Version 12.00
# Visual Studio Version 17
VisualStudioVersion = 17.7.34202.233
MinimumVisualStudioVersion = 10.0.40219.1
Project("{9A19103F-16F7-4668-BE54-9A1E7A4F7556}") = "Icarus-Drones", "Icarus-Drones.csproj", "{7EEB3E33-A8B4-4226-BAE9-7242B935206C}"
EndProject
Project("{2150E333-8FDC-42A3-9474-1A3956D46DE8}") = "Solution Items", "Solution Items", "{3DD73B97-7217-4BC0-8FDC-E9B03D39DA32}"
	ProjectSection(SolutionItems) = preProject
		.editorconfig = .editorconfig
	EndProjectSection
EndProject
Global
	GlobalSection(SolutionConfigurationPlatforms) = preSolution
		Debug|Any CPU = Debug|Any CPU
		Release|Any CPU = Release|Any CPU
	EndGlobalSection
	GlobalSection(ProjectConfigurationPlatforms) = postSolution
		{7EEB3E33-A8B4-4226-BAE9-7242B935206C}.Debug|Any CPU.ActiveCfg = Debug|Any CPU
		{7EEB3E33-A8B4-4226-BAE9-7242B935206C}.Debug|Any CPU.Build.0 = Debug|Any CPU
		{7EEB3E33-A8B4-4226-BAE9-7242B935206C}.Release|Any CPU.ActiveCfg = Release|Any CPU
		{7EEB3E33-A8B4-4226-BAE9-7242B935206C}.Release|Any CPU.Build.0 = Release|Any CPU
	EndGlobalSection
	GlobalSection(SolutionProperties) = preSolution
		HideSolutionNode = FALSE
	EndGlobalSection
	GlobalSection(ExtensibilityGlobals) = postSolution
		SolutionGuid = {2845CD9D-6610-4240-A9AA-E374D47D1580}
	EndGlobalSection
EndGlobal
